{
    "_readme": [
        "This file locks the dependencies of your project to a known state",
        "Read more about it at http://getcomposer.org/doc/01-basic-usage.md#composer-lock-the-lock-file"
    ],
    "hash": "74029944c517e790ddcca54ff59df248",
    "packages": [
        {
            "name": "strident/phimple",
            "version": "1.0.1",
            "source": {
                "type": "git",
                "url": "https://github.com/Strident/Phimple.git",
                "reference": "cbed5204a65224b1bab58567f435fb536e16ebab"
            },
            "dist": {
                "type": "zip",
                "url": "https://api.github.com/repos/Strident/Phimple/zipball/cbed5204a65224b1bab58567f435fb536e16ebab",
                "reference": "cbed5204a65224b1bab58567f435fb536e16ebab",
                "shasum": ""
            },
            "require": {
                "php": ">=5.5.9"
            },
            "type": "library",
            "autoload": {
                "psr-0": {
                    "Phimple\\": "src/"
                }
            },
            "notification-url": "https://packagist.org/downloads/",
            "license": [
                "MIT"
            ],
            "authors": [
                {
                    "name": "Elliot Wright",
                    "email": "elliot@elliotwright.co"
                }
            ],
            "description": "Simple dependency injection container, inspired by Pimple.",
            "homepage": "http://strident.io",
            "keywords": [
                "dic"
            ],
            "time": "2014-05-08 17:55:21"
        }
    ],
    "packages-dev": [

    ],
    "aliases": [

    ],
    "minimum-stability": "dev",
    "stability-flags": [

    ],
    "platform": {
        "php": ">=5.5.9"
    },
    "platform-dev": [

    ]
}
